// !$*UTF8*$!
{
	archiveVersion = 1;
	classes = {
	};
	objectVersion = 46;
	objects = {

/* Begin PBXBuildFile section */
		674BA8C41B0FAACC00F88B55 /* AppDelegate.swift in Sources */ = {isa = PBXBuildFile; fileRef = 674BA8C31B0FAACC00F88B55 /* AppDelegate.swift */; };
		674BA8C61B0FAACC00F88B55 /* ViewController.swift in Sources */ = {isa = PBXBuildFile; fileRef = 674BA8C51B0FAACC00F88B55 /* ViewController.swift */; };
		674BA8C91B0FAACC00F88B55 /* Main.storyboard in Resources */ = {isa = PBXBuildFile; fileRef = 674BA8C71B0FAACC00F88B55 /* Main.storyboard */; };
		674BA8CB1B0FAACC00F88B55 /* Images.xcassets in Resources */ = {isa = PBXBuildFile; fileRef = 674BA8CA1B0FAACC00F88B55 /* Images.xcassets */; };
		674BA8CE1B0FAACC00F88B55 /* LaunchScreen.xib in Resources */ = {isa = PBXBuildFile; fileRef = 674BA8CC1B0FAACC00F88B55 /* LaunchScreen.xib */; };
		674BA8DA1B0FAACC00F88B55 /* PostcardTests.swift in Sources */ = {isa = PBXBuildFile; fileRef = 674BA8D91B0FAACC00F88B55 /* PostcardTests.swift */; };
		674BA8E41B0FB37B00F88B55 /* SagradaFamilia.jpeg in Resources */ = {isa = PBXBuildFile; fileRef = 674BA8E31B0FB37B00F88B55 /* SagradaFamilia.jpeg */; };
		674BA8E61B0FB5EB00F88B55 /* AlbertEinsteinStamp.jpg in Resources */ = {isa = PBXBuildFile; fileRef = 674BA8E51B0FB5EB00F88B55 /* AlbertEinsteinStamp.jpg */; };
/* End PBXBuildFile section */

/* Begin PBXContainerItemProxy section */
		674BA8D41B0FAACC00F88B55 /* PBXContainerItemProxy */ = {
			isa = PBXContainerItemProxy;
			containerPortal = 674BA8B61B0FAACC00F88B55 /* Project object */;
			proxyType = 1;
			remoteGlobalIDString = 674BA8BD1B0FAACC00F88B55;
			remoteInfo = Postcard;
		};
/* End PBXContainerItemProxy section */

/* Begin PBXFileReference section */
		674BA8BE1B0FAACC00F88B55 /* Postcard.app */ = {isa = PBXFileReference; explicitFileType = wrapper.application; includeInIndex = 0; path = Postcard.app; sourceTree = BUILT_PRODUCTS_DIR; };
		674BA8C21B0FAACC00F88B55 /* Info.plist */ = {isa = PBXFileReference; lastKnownFileType = text.plist.xml; path = Info.plist; sourceTree = "<group>"; };
		674BA8C31B0FAACC00F88B55 /* AppDelegate.swift */ = {isa = PBXFileReference; lastKnownFileType = sourcecode.swift; path = AppDelegate.swift; sourceTree = "<group>"; };
		674BA8C51B0FAACC00F88B55 /* ViewController.swift */ = {isa = PBXFileReference; lastKnownFileType = sourcecode.swift; path = ViewController.swift; sourceTree = "<group>"; };
		674BA8C81B0FAACC00F88B55 /* Base */ = {isa = PBXFileReference; lastKnownFileType = file.storyboard; name = Base; path = Base.lproj/Main.storyboard; sourceTree = "<group>"; };
		674BA8CA1B0FAACC00F88B55 /* Images.xcassets */ = {isa = PBXFileReference; lastKnownFileType = folder.assetcatalog; path = Images.xcassets; sourceTree = "<group>"; };
		674BA8CD1B0FAACC00F88B55 /* Base */ = {isa = PBXFileReference; lastKnownFileType = file.xib; name = Base; path = Base.lproj/LaunchScreen.xib; sourceTree = "<group>"; };
		674BA8D31B0FAACC00F88B55 /* PostcardTests.xctest */ = {isa = PBXFileReference; explicitFileType = wrapper.cfbundle; includeInIndex = 0; path = PostcardTests.xctest; sourceTree = BUILT_PRODUCTS_DIR; };
		674BA8D81B0FAACC00F88B55 /* Info.plist */ = {isa = PBXFileReference; lastKnownFileType = text.plist.xml; path = Info.plist; sourceTree = "<group>"; };
		674BA8D91B0FAACC00F88B55 /* PostcardTests.swift */ = {isa = PBXFileReference; lastKnownFileType = sourcecode.swift; path = PostcardTests.swift; sourceTree = "<group>"; };
		674BA8E31B0FB37B00F88B55 /* SagradaFamilia.jpeg */ = {isa = PBXFileReference; lastKnownFileType = image.jpeg; path = SagradaFamilia.jpeg; sourceTree = "<group>"; };
		674BA8E51B0FB5EB00F88B55 /* AlbertEinsteinStamp.jpg */ = {isa = PBXFileReference; lastKnownFileType = image.jpeg; path = AlbertEinsteinStamp.jpg; sourceTree = "<group>"; };
/* End PBXFileReference section */

/* Begin PBXFrameworksBuildPhase section */
		674BA8BB1B0FAACC00F88B55 /* Frameworks */ = {
			isa = PBXFrameworksBuildPhase;
			buildActionMask = 2147483647;
			files = (
			);
			runOnlyForDeploymentPostprocessing = 0;
		};
		674BA8D01B0FAACC00F88B55 /* Frameworks */ = {
			isa = PBXFrameworksBuildPhase;
			buildActionMask = 2147483647;
			files = (
			);
			runOnlyForDeploymentPostprocessing = 0;
		};
/* End PBXFrameworksBuildPhase section */

/* Begin PBXGroup section */
		674BA8B51B0FAACC00F88B55 = {
			isa = PBXGroup;
			children = (
				674BA8C01B0FAACC00F88B55 /* Postcard */,
				674BA8D61B0FAACC00F88B55 /* PostcardTests */,
				674BA8BF1B0FAACC00F88B55 /* Products */,
			);
			sourceTree = "<group>";
		};
		674BA8BF1B0FAACC00F88B55 /* Products */ = {
			isa = PBXGroup;
			children = (
				674BA8BE1B0FAACC00F88B55 /* Postcard.app */,
				674BA8D31B0FAACC00F88B55 /* PostcardTests.xctest */,
			);
			name = Products;
			sourceTree = "<group>";
		};
		674BA8C01B0FAACC00F88B55 /* Postcard */ = {
			isa = PBXGroup;
			children = (
				674BA8C31B0FAACC00F88B55 /* AppDelegate.swift */,
				674BA8C51B0FAACC00F88B55 /* ViewController.swift */,
				674BA8C71B0FAACC00F88B55 /* Main.storyboard */,
				674BA8CA1B0FAACC00F88B55 /* Images.xcassets */,
				674BA8CC1B0FAACC00F88B55 /* LaunchScreen.xib */,
				674BA8C11B0FAACC00F88B55 /* Supporting Files */,
			);
			path = Postcard;
			sourceTree = "<group>";
		};
		674BA8C11B0FAACC00F88B55 /* Supporting Files */ = {
			isa = PBXGroup;
			children = (
				674BA8E51B0FB5EB00F88B55 /* AlbertEinsteinStamp.jpg */,
				674BA8E31B0FB37B00F88B55 /* SagradaFamilia.jpeg */,
				674BA8C21B0FAACC00F88B55 /* Info.plist */,
			);
			name = "Supporting Files";
			sourceTree = "<group>";
		};
		674BA8D61B0FAACC00F88B55 /* PostcardTests */ = {
			isa = PBXGroup;
			children = (
				674BA8D91B0FAACC00F88B55 /* PostcardTests.swift */,
				674BA8D71B0FAACC00F88B55 /* Supporting Files */,
			);
			path = PostcardTests;
			sourceTree = "<group>";
		};
		674BA8D71B0FAACC00F88B55 /* Supporting Files */ = {
			isa = PBXGroup;
			children = (
				674BA8D81B0FAACC00F88B55 /* Info.plist */,
			);
			name = "Supporting Files";
			sourceTree = "<group>";
		};
/* End PBXGroup section */

/* Begin PBXNativeTarget section */
		674BA8BD1B0FAACC00F88B55 /* Postcard */ = {
			isa = PBXNativeTarget;
			buildConfigurationList = 674BA8DD1B0FAACC00F88B55 /* Build configuration list for PBXNativeTarget "Postcard" */;
			buildPhases = (
				674BA8BA1B0FAACC00F88B55 /* Sources */,
				674BA8BB1B0FAACC00F88B55 /* Frameworks */,
				674BA8BC1B0FAACC00F88B55 /* Resources */,
			);
			buildRules = (
			);
			dependencies = (
			);
			name = Postcard;
			productName = Postcard;
			productReference = 674BA8BE1B0FAACC00F88B55 /* Postcard.app */;
			productType = "com.apple.product-type.application";
		};
		674BA8D21B0FAACC00F88B55 /* PostcardTests */ = {
			isa = PBXNativeTarget;
			buildConfigurationList = 674BA8E01B0FAACC00F88B55 /* Build configuration list for PBXNativeTarget "PostcardTests" */;
			buildPhases = (
				674BA8CF1B0FAACC00F88B55 /* Sources */,
				674BA8D01B0FAACC00F88B55 /* Frameworks */,
				674BA8D11B0FAACC00F88B55 /* Resources */,
			);
			buildRules = (
			);
			dependencies = (
				674BA8D51B0FAACC00F88B55 /* PBXTargetDependency */,
			);
			name = PostcardTests;
			productName = PostcardTests;
			productReference = 674BA8D31B0FAACC00F88B55 /* PostcardTests.xctest */;
			productType = "com.apple.product-type.bundle.unit-test";
		};
/* End PBXNativeTarget section */

/* Begin PBXProject section */
		674BA8B61B0FAACC00F88B55 /* Project object */ = {
			isa = PBXProject;
			attributes = {
				LastUpgradeCheck = 0630;
				ORGANIZATIONNAME = "Gordon Gauss";
				TargetAttributes = {
					674BA8BD1B0FAACC00F88B55 = {
						CreatedOnToolsVersion = 6.3.2;
						DevelopmentTeam = LUQA4B93SA;
					};
					674BA8D21B0FAACC00F88B55 = {
						CreatedOnToolsVersion = 6.3.2;
						TestTargetID = 674BA8BD1B0FAACC00F88B55;
					};
				};
			};
			buildConfigurationList = 674BA8B91B0FAACC00F88B55 /* Build configuration list for PBXProject "Postcard" */;
			compatibilityVersion = "Xcode 3.2";
			developmentRegion = English;
			hasScannedForEncodings = 0;
			knownRegions = (
				en,
				Base,
			);
			mainGroup = 674BA8B51B0FAACC00F88B55;
			productRefGroup = 674BA8BF1B0FAACC00F88B55 /* Products */;
			projectDirPath = "";
			projectRoot = "";
			targets = (
				674BA8BD1B0FAACC00F88B55 /* Postcard */,
				674BA8D21B0FAACC00F88B55 /* PostcardTests */,
			);
		};
/* End PBXProject section */

/* Begin PBXResourcesBuildPhase section */
		674BA8BC1B0FAACC00F88B55 /* Resources */ = {
			isa = PBXResourcesBuildPhase;
			buildActionMask = 2147483647;
			files = (
				674BA8C91B0FAACC00F88B55 /* Main.storyboard in Resources */,
				674BA8E41B0FB37B00F88B55 /* SagradaFamilia.jpeg in Resources */,
				674BA8E61B0FB5EB00F88B55 /* AlbertEinsteinStamp.jpg in Resources */,
				674BA8CE1B0FAACC00F88B55 /* LaunchScreen.xib in Resources */,
				674BA8CB1B0FAACC00F88B55 /* Images.xcassets in Resources */,
			);
			runOnlyForDeploymentPostprocessing = 0;
		};
		674BA8D11B0FAACC00F88B55 /* Resources */ = {
			isa = PBXResourcesBuildPhase;
			buildActionMask = 2147483647;
			files = (
			);
			runOnlyForDeploymentPostprocessing = 0;
		};
/* End PBXResourcesBuildPhase section */

/* Begin PBXSourcesBuildPhase section */
		674BA8BA1B0FAACC00F88B55 /* Sources */ = {
			isa = PBXSourcesBuildPhase;
			buildActionMask = 2147483647;
			files = (
				674BA8C61B0FAACC00F88B55 /* ViewController.swift in Sources */,
				674BA8C41B0FAACC00F88B55 /* AppDelegate.swift in Sources */,
			);
			runOnlyForDeploymentPostprocessing = 0;
		};
		674BA8CF1B0FAACC00F88B55 /* Sources */ = {
			isa = PBXSourcesBuildPhase;
			buildActionMask = 2147483647;
			files = (
				674BA8DA1B0FAACC00F88B55 /* PostcardTests.swift in Sources */,
			);
			runOnlyForDeploymentPostprocessing = 0;
		};
/* End PBXSourcesBuildPhase section */

/* Begin PBXTargetDependency section */
		674BA8D51B0FAACC00F88B55 /* PBXTargetDependency */ = {
			isa = PBXTargetDependency;
			target = 674BA8BD1B0FAACC00F88B55 /* Postcard */;
			targetProxy = 674BA8D41B0FAACC00F88B55 /* PBXContainerItemProxy */;
		};
/* End PBXTargetDependency section */

/* Begin PBXVariantGroup section */
		674BA8C71B0FAACC00F88B55 /* Main.storyboard */ = {
			isa = PBXVariantGroup;
			children = (
				674BA8C81B0FAACC00F88B55 /* Base */,
			);
			name = Main.storyboard;
			sourceTree = "<group>";
		};
		674BA8CC1B0FAACC00F88B55 /* LaunchScreen.xib */ = {
			isa = PBXVariantGroup;
			children = (
				674BA8CD1B0FAACC00F88B55 /* Base */,
			);
			name = LaunchScreen.xib;
			sourceTree = "<group>";
		};
/* End PBXVariantGroup section */

/* Begin XCBuildConfiguration section */
		674BA8DB1B0FAACC00F88B55 /* Debug */ = {
			isa = XCBuildConfiguration;
			buildSettings = {
				ALWAYS_SEARCH_USER_PATHS = NO;
				CLANG_CXX_LANGUAGE_STANDARD = "gnu++0x";
				CLANG_CXX_LIBRARY = "libc++";
				CLANG_ENABLE_MODULES = YES;
				CLANG_ENABLE_OBJC_ARC = YES;
				CLANG_WARN_BOOL_CONVERSION = YES;
				CLANG_WARN_CONSTANT_CONVERSION = YES;
				CLANG_WARN_DIRECT_OBJC_ISA_USAGE = YES_ERROR;
				CLANG_WARN_EMPTY_BODY = YES;
				CLANG_WARN_ENUM_CONVERSION = YES;
				CLANG_WARN_INT_CONVERSION = YES;
				CLANG_WARN_OBJC_ROOT_CLASS = YES_ERROR;
				CLANG_WARN_UNREACHABLE_CODE = YES;
				CLANG_WARN__DUPLICATE_METHOD_MATCH = YES;
				"CODE_SIGN_IDENTITY[sdk=iphoneos*]" = "iPhone Developer";
				COPY_PHASE_STRIP = NO;
				DEBUG_INFORMATION_FORMAT = "dwarf-with-dsym";
				ENABLE_STRICT_OBJC_MSGSEND = YES;
				GCC_C_LANGUAGE_STANDARD = gnu99;
				GCC_DYNAMIC_NO_PIC = NO;
				GCC_NO_COMMON_BLOCKS = YES;
				GCC_OPTIMIZATION_LEVEL = 0;
				GCC_PREPROCESSOR_DEFINITIONS = (
					"DEBUG=1",
					"$(inherited)",
				);
				GCC_SYMBOLS_PRIVATE_EXTERN = NO;
				GCC_WARN_64_TO_32_BIT_CONVERSION = YES;
				GCC_WARN_ABOUT_RETURN_TYPE = YES_ERROR;
				GCC_WARN_UNDECLARED_SELECTOR = YES;
				GCC_WARN_UNINITIALIZED_AUTOS = YES_AGGRESSIVE;
				GCC_WARN_UNUSED_FUNCTION = YES;
				GCC_WARN_UNUSED_VARIABLE = YES;
				IPHONEOS_DEPLOYMENT_TARGET = 8.3;
				MTL_ENABLE_DEBUG_INFO = YES;
				ONLY_ACTIVE_ARCH = YES;
				SDKROOT = iphoneos;
				SWIFT_OPTIMIZATION_LEVEL = "-Onone";
				TARGETED_DEVICE_FAMILY = "1,2";
			};
			name = Debug;
		};
		674BA8DC1B0FAACC00F88B55 /* Release */ = {
			isa = XCBuildConfiguration;
			buildSettings = {
				ALWAYS_SEARCH_USER_PATHS = NO;
				CLANG_CXX_LANGUAGE_STANDARD = "gnu++0x";
				CLANG_CXX_LIBRARY = "libc++";
				CLANG_ENABLE_MODULES = YES;
				CLANG_ENABLE_OBJC_ARC = YES;
				CLANG_WARN_BOOL_CONVERSION = YES;
				CLANG_WARN_CONSTANT_CONVERSION = YES;
				CLANG_WARN_DIRECT_OBJC_ISA_USAGE = YES_ERROR;
				CLANG_WARN_EMPTY_BODY = YES;
				CLANG_WARN_ENUM_CONVERSION = YES;
				CLANG_WARN_INT_CONVERSION = YES;
				CLANG_WARN_OBJC_ROOT_CLASS = YES_ERROR;
				CLANG_WARN_UNREACHABLE_CODE = YES;
				CLANG_WARN__DUPLICATE_METHOD_MATCH = YES;
				"CODE_SIGN_IDENTITY[sdk=iphoneos*]" = "iPhone Developer";
				COPY_PHASE_STRIP = NO;
				DEBUG_INFORMATION_FORMAT = "dwarf-with-dsym";
				ENABLE_NS_ASSERTIONS = NO;
				ENABLE_STRICT_OBJC_MSGSEND = YES;
				GCC_C_LANGUAGE_STANDARD = gnu99;
				GCC_NO_COMMON_BLOCKS = YES;
				GCC_WARN_64_TO_32_BIT_CONVERSION = YES;
				GCC_WARN_ABOUT_RETURN_TYPE = YES_ERROR;
				GCC_WARN_UNDECLARED_SELECTOR = YES;
				GCC_WARN_UNINITIALIZED_AUTOS = YES_AGGRESSIVE;
				GCC_WARN_UNUSED_FUNCTION = YES;
				GCC_WARN_UNUSED_VARIABLE = YES;
				IPHONEOS_DEPLOYMENT_TARGET = 8.3;
				MTL_ENABLE_DEBUG_INFO = NO;
				SDKROOT = iphoneos;
				TARGETED_DEVICE_FAMILY = "1,2";
				VALIDATE_PRODUCT = YES;
			};
			name = Release;
		};
		674BA8DE1B0FAACC00F88B55 /* Debug */ = {
			isa = XCBuildConfiguration;
			buildSettings = {
				ASSETCATALOG_COMPILER_APPICON_NAME = AppIcon;
				CODE_SIGN_IDENTITY = "iPhone Developer";
				"CODE_SIGN_IDENTITY[sdk=iphoneos*]" = "iPhone Developer";
				INFOPLIST_FILE = Postcard/Info.plist;
				LD_RUNPATH_SEARCH_PATHS = "$(inherited) @executable_path/Frameworks";
				PRODUCT_NAME = "$(TARGET_NAME)";
				PROVISIONING_PROFILE = "";
			};
			name = Debug;
		};
		674BA8DF1B0FAACC00F88B55 /* Release */ = {
			isa = XCBuildConfiguration;
			buildSettings = {
				ASSETCATALOG_COMPILER_APPICON_NAME = AppIcon;
				CODE_SIGN_IDENTITY = "iPhone Developer";
				"CODE_SIGN_IDENTITY[sdk=iphoneos*]" = "iPhone Developer";
				INFOPLIST_FILE = Postcard/Info.plist;
				LD_RUNPATH_SEARCH_PATHS = "$(inherited) @executable_path/Frameworks";
				PRODUCT_NAME = "$(TARGET_NAME)";
				PROVISIONING_PROFILE = "";
			};
			name = Release;
		};
		674BA8E11B0FAACC00F88B55 /* Debug */ = {
			isa = XCBuildConfiguration;
			buildSettings = {
				BUNDLE_LOADER = "$(TEST_HOST)";
				FRAMEWORK_SEARCH_PATHS = (
					"$(SDKROOT)/Developer/Library/Frameworks",
					"$(inherited)",
				);
				GCC_PREPROCESSOR_DEFINITIONS = (
					"DEBUG=1",
					"$(inherited)",
				);
				INFOPLIST_FILE = PostcardTests/Info.plist;
				LD_RUNPATH_SEARCH_PATHS = "$(inherited) @executable_path/Frameworks @loader_path/Frameworks";
				PRODUCT_NAME = "$(TARGET_NAME)";
				TEST_HOST = "$(BUILT_PRODUCTS_DIR)/Postcard.app/Postcard";
			};
			name = Debug;
		};
		674BA8E21B0FAACC00F88B55 /* Release */ = {
			isa = XCBuildConfiguration;
			buildSettings = {
				BUNDLE_LOADER = "$(TEST_HOST)";
				FRAMEWORK_SEARCH_PATHS = (
					"$(SDKROOT)/Developer/Library/Frameworks",
					"$(inherited)",
				);
				INFOPLIST_FILE = PostcardTests/Info.plist;
				LD_RUNPATH_SEARCH_PATHS = "$(inherited) @executable_path/Frameworks @loader_path/Frameworks";
				PRODUCT_NAME = "$(TARGET_NAME)";
				TEST_HOST = "$(BUILT_PRODUCTS_DIR)/Postcard.app/Postcard";
			};
			name = Release;
		};
/* End XCBuildConfiguration section */

/* Begin XCConfigurationList section */
		674BA8B91B0FAACC00F88B55 /* Build configuration list for PBXProject "Postcard" */ = {
			isa = XCConfigurationList;
			buildConfigurations = (
				674BA8DB1B0FAACC00F88B55 /* Debug */,
				674BA8DC1B0FAACC00F88B55 /* Release */,
			);
			defaultConfigurationIsVisible = 0;
			defaultConfigurationName = Release;
		};
		674BA8DD1B0FAACC00F88B55 /* Build configuration list for PBXNativeTarget "Postcard" */ = {
			isa = XCConfigurationList;
			buildConfigurations = (
				674BA8DE1B0FAACC00F88B55 /* Debug */,
				674BA8DF1B0FAACC00F88B55 /* Release */,
			);
			defaultConfigurationIsVisible = 0;
		};
		674BA8E01B0FAACC00F88B55 /* Build configuration list for PBXNativeTarget "PostcardTests" */ = {
			isa = XCConfigurationList;
			buildConfigurations = (
				674BA8E11B0FAACC00F88B55 /* Debug */,
				674BA8E21B0FAACC00F88B55 /* Release */,
			);
			defaultConfigurationIsVisible = 0;
		};
/* End XCConfigurationList section */
	};
	rootObject = 674BA8B61B0FAACC00F88B55 /* Project object */;
}
